// !$*UTF8*$!
{
	archiveVersion = 1;
	classes = {
	};
	objectVersion = 46;
	objects = {

/* Begin PBXBuildFile section */
		8644C03A1F15782900DE2B06 /* AppDelegate.swift in Sources */ = {isa = PBXBuildFile; fileRef = 8644C0391F15782900DE2B06 /* AppDelegate.swift */; };
		8644C03C1F15782900DE2B06 /* ViewController.swift in Sources */ = {isa = PBXBuildFile; fileRef = 8644C03B1F15782900DE2B06 /* ViewController.swift */; };
		8644C03F1F15782900DE2B06 /* Main.storyboard in Resources */ = {isa = PBXBuildFile; fileRef = 8644C03D1F15782900DE2B06 /* Main.storyboard */; };
		8644C0411F15782900DE2B06 /* Assets.xcassets in Resources */ = {isa = PBXBuildFile; fileRef = 8644C0401F15782900DE2B06 /* Assets.xcassets */; };
		8644C0441F15782900DE2B06 /* LaunchScreen.storyboard in Resources */ = {isa = PBXBuildFile; fileRef = 8644C0421F15782900DE2B06 /* LaunchScreen.storyboard */; };
		8644C04F1F15782900DE2B06 /* VIP_svc_userTests.swift in Sources */ = {isa = PBXBuildFile; fileRef = 8644C04E1F15782900DE2B06 /* VIP_svc_userTests.swift */; };
		8644C05A1F15782900DE2B06 /* VIP_svc_userUITests.swift in Sources */ = {isa = PBXBuildFile; fileRef = 8644C0591F15782900DE2B06 /* VIP_svc_userUITests.swift */; };
		8644C0681F15799F00DE2B06 /* userTableVC.swift in Sources */ = {isa = PBXBuildFile; fileRef = 8644C0671F15799F00DE2B06 /* userTableVC.swift */; };
		8644C06A1F1579D400DE2B06 /* userCell.swift in Sources */ = {isa = PBXBuildFile; fileRef = 8644C0691F1579D400DE2B06 /* userCell.swift */; };
		8644C06C1F157EB700DE2B06 /* newUserVC.swift in Sources */ = {isa = PBXBuildFile; fileRef = 8644C06B1F157EB700DE2B06 /* newUserVC.swift */; };
		8644C06E1F15835100DE2B06 /* userShowVC.swift in Sources */ = {isa = PBXBuildFile; fileRef = 8644C06D1F15835100DE2B06 /* userShowVC.swift */; };
		8644C0701F16723900DE2B06 /* http.swift in Sources */ = {isa = PBXBuildFile; fileRef = 8644C06F1F16723900DE2B06 /* http.swift */; };
		8644C0721F1673C500DE2B06 /* UserModel.swift in Sources */ = {isa = PBXBuildFile; fileRef = 8644C0711F1673C500DE2B06 /* UserModel.swift */; };
		8644C0881F16C4C000DE2B06 /* VIP_svc_userSlowTests.swift in Sources */ = {isa = PBXBuildFile; fileRef = 8644C0871F16C4C000DE2B06 /* VIP_svc_userSlowTests.swift */; };
/* End PBXBuildFile section */

/* Begin PBXContainerItemProxy section */
		8644C04B1F15782900DE2B06 /* PBXContainerItemProxy */ = {
			isa = PBXContainerItemProxy;
			containerPortal = 8644C02E1F15782900DE2B06 /* Project object */;
			proxyType = 1;
			remoteGlobalIDString = 8644C0351F15782900DE2B06;
			remoteInfo = "VIP-svc-user";
		};
		8644C0561F15782900DE2B06 /* PBXContainerItemProxy */ = {
			isa = PBXContainerItemProxy;
			containerPortal = 8644C02E1F15782900DE2B06 /* Project object */;
			proxyType = 1;
			remoteGlobalIDString = 8644C0351F15782900DE2B06;
			remoteInfo = "VIP-svc-user";
		};
		8644C08A1F16C4C000DE2B06 /* PBXContainerItemProxy */ = {
			isa = PBXContainerItemProxy;
			containerPortal = 8644C02E1F15782900DE2B06 /* Project object */;
			proxyType = 1;
			remoteGlobalIDString = 8644C0351F15782900DE2B06;
			remoteInfo = "VIP-svc-user";
		};
/* End PBXContainerItemProxy section */

/* Begin PBXFileReference section */
		8644C0361F15782900DE2B06 /* VIP-svc-user.app */ = {isa = PBXFileReference; explicitFileType = wrapper.application; includeInIndex = 0; path = "VIP-svc-user.app"; sourceTree = BUILT_PRODUCTS_DIR; };
		8644C0391F15782900DE2B06 /* AppDelegate.swift */ = {isa = PBXFileReference; lastKnownFileType = sourcecode.swift; path = AppDelegate.swift; sourceTree = "<group>"; };
		8644C03B1F15782900DE2B06 /* ViewController.swift */ = {isa = PBXFileReference; lastKnownFileType = sourcecode.swift; path = ViewController.swift; sourceTree = "<group>"; };
		8644C03E1F15782900DE2B06 /* Base */ = {isa = PBXFileReference; lastKnownFileType = file.storyboard; name = Base; path = Base.lproj/Main.storyboard; sourceTree = "<group>"; };
		8644C0401F15782900DE2B06 /* Assets.xcassets */ = {isa = PBXFileReference; lastKnownFileType = folder.assetcatalog; path = Assets.xcassets; sourceTree = "<group>"; };
		8644C0431F15782900DE2B06 /* Base */ = {isa = PBXFileReference; lastKnownFileType = file.storyboard; name = Base; path = Base.lproj/LaunchScreen.storyboard; sourceTree = "<group>"; };
		8644C0451F15782900DE2B06 /* Info.plist */ = {isa = PBXFileReference; lastKnownFileType = text.plist.xml; path = Info.plist; sourceTree = "<group>"; };
		8644C04A1F15782900DE2B06 /* VIP-svc-userTests.xctest */ = {isa = PBXFileReference; explicitFileType = wrapper.cfbundle; includeInIndex = 0; path = "VIP-svc-userTests.xctest"; sourceTree = BUILT_PRODUCTS_DIR; };
		8644C04E1F15782900DE2B06 /* VIP_svc_userTests.swift */ = {isa = PBXFileReference; lastKnownFileType = sourcecode.swift; path = VIP_svc_userTests.swift; sourceTree = "<group>"; };
		8644C0501F15782900DE2B06 /* Info.plist */ = {isa = PBXFileReference; lastKnownFileType = text.plist.xml; path = Info.plist; sourceTree = "<group>"; };
		8644C0551F15782900DE2B06 /* VIP-svc-userUITests.xctest */ = {isa = PBXFileReference; explicitFileType = wrapper.cfbundle; includeInIndex = 0; path = "VIP-svc-userUITests.xctest"; sourceTree = BUILT_PRODUCTS_DIR; };
		8644C0591F15782900DE2B06 /* VIP_svc_userUITests.swift */ = {isa = PBXFileReference; lastKnownFileType = sourcecode.swift; path = VIP_svc_userUITests.swift; sourceTree = "<group>"; };
		8644C05B1F15782900DE2B06 /* Info.plist */ = {isa = PBXFileReference; lastKnownFileType = text.plist.xml; path = Info.plist; sourceTree = "<group>"; };
		8644C0671F15799F00DE2B06 /* userTableVC.swift */ = {isa = PBXFileReference; fileEncoding = 4; lastKnownFileType = sourcecode.swift; path = userTableVC.swift; sourceTree = "<group>"; };
		8644C0691F1579D400DE2B06 /* userCell.swift */ = {isa = PBXFileReference; fileEncoding = 4; lastKnownFileType = sourcecode.swift; path = userCell.swift; sourceTree = "<group>"; };
		8644C06B1F157EB700DE2B06 /* newUserVC.swift */ = {isa = PBXFileReference; fileEncoding = 4; lastKnownFileType = sourcecode.swift; path = newUserVC.swift; sourceTree = "<group>"; };
		8644C06D1F15835100DE2B06 /* userShowVC.swift */ = {isa = PBXFileReference; fileEncoding = 4; lastKnownFileType = sourcecode.swift; path = userShowVC.swift; sourceTree = "<group>"; };
		8644C06F1F16723900DE2B06 /* http.swift */ = {isa = PBXFileReference; fileEncoding = 4; lastKnownFileType = sourcecode.swift; path = http.swift; sourceTree = "<group>"; };
		8644C0711F1673C500DE2B06 /* UserModel.swift */ = {isa = PBXFileReference; fileEncoding = 4; lastKnownFileType = sourcecode.swift; path = UserModel.swift; sourceTree = "<group>"; };
		8644C0851F16C4C000DE2B06 /* VIP-svc-userSlowTests.xctest */ = {isa = PBXFileReference; explicitFileType = wrapper.cfbundle; includeInIndex = 0; path = "VIP-svc-userSlowTests.xctest"; sourceTree = BUILT_PRODUCTS_DIR; };
		8644C0871F16C4C000DE2B06 /* VIP_svc_userSlowTests.swift */ = {isa = PBXFileReference; lastKnownFileType = sourcecode.swift; path = VIP_svc_userSlowTests.swift; sourceTree = "<group>"; };
		8644C0891F16C4C000DE2B06 /* Info.plist */ = {isa = PBXFileReference; lastKnownFileType = text.plist.xml; path = Info.plist; sourceTree = "<group>"; };
/* End PBXFileReference section */

/* Begin PBXFrameworksBuildPhase section */
		8644C0331F15782900DE2B06 /* Frameworks */ = {
			isa = PBXFrameworksBuildPhase;
			buildActionMask = 2147483647;
			files = (
			);
			runOnlyForDeploymentPostprocessing = 0;
		};
		8644C0471F15782900DE2B06 /* Frameworks */ = {
			isa = PBXFrameworksBuildPhase;
			buildActionMask = 2147483647;
			files = (
			);
			runOnlyForDeploymentPostprocessing = 0;
		};
		8644C0521F15782900DE2B06 /* Frameworks */ = {
			isa = PBXFrameworksBuildPhase;
			buildActionMask = 2147483647;
			files = (
			);
			runOnlyForDeploymentPostprocessing = 0;
		};
		8644C0821F16C4C000DE2B06 /* Frameworks */ = {
			isa = PBXFrameworksBuildPhase;
			buildActionMask = 2147483647;
			files = (
			);
			runOnlyForDeploymentPostprocessing = 0;
		};
/* End PBXFrameworksBuildPhase section */

/* Begin PBXGroup section */
		8644C02D1F15782900DE2B06 = {
			isa = PBXGroup;
			children = (
				8644C0381F15782900DE2B06 /* VIP-svc-user */,
				8644C04D1F15782900DE2B06 /* VIP-svc-userTests */,
				8644C0581F15782900DE2B06 /* VIP-svc-userUITests */,
				8644C0861F16C4C000DE2B06 /* VIP-svc-userSlowTests */,
				8644C0371F15782900DE2B06 /* Products */,
			);
			sourceTree = "<group>";
		};
		8644C0371F15782900DE2B06 /* Products */ = {
			isa = PBXGroup;
			children = (
				8644C0361F15782900DE2B06 /* VIP-svc-user.app */,
				8644C04A1F15782900DE2B06 /* VIP-svc-userTests.xctest */,
				8644C0551F15782900DE2B06 /* VIP-svc-userUITests.xctest */,
				8644C0851F16C4C000DE2B06 /* VIP-svc-userSlowTests.xctest */,
			);
			name = Products;
			sourceTree = "<group>";
		};
		8644C0381F15782900DE2B06 /* VIP-svc-user */ = {
			isa = PBXGroup;
			children = (
				8644C0391F15782900DE2B06 /* AppDelegate.swift */,
				8644C06F1F16723900DE2B06 /* http.swift */,
				8644C03B1F15782900DE2B06 /* ViewController.swift */,
				8644C0671F15799F00DE2B06 /* userTableVC.swift */,
				8644C0711F1673C500DE2B06 /* UserModel.swift */,
				8644C03D1F15782900DE2B06 /* Main.storyboard */,
				8644C06D1F15835100DE2B06 /* userShowVC.swift */,
				8644C06B1F157EB700DE2B06 /* newUserVC.swift */,
				8644C0691F1579D400DE2B06 /* userCell.swift */,
				8644C0401F15782900DE2B06 /* Assets.xcassets */,
				8644C0421F15782900DE2B06 /* LaunchScreen.storyboard */,
				8644C0451F15782900DE2B06 /* Info.plist */,
			);
			path = "VIP-svc-user";
			sourceTree = "<group>";
		};
		8644C04D1F15782900DE2B06 /* VIP-svc-userTests */ = {
			isa = PBXGroup;
			children = (
				8644C04E1F15782900DE2B06 /* VIP_svc_userTests.swift */,
				8644C0501F15782900DE2B06 /* Info.plist */,
			);
			path = "VIP-svc-userTests";
			sourceTree = "<group>";
		};
		8644C0581F15782900DE2B06 /* VIP-svc-userUITests */ = {
			isa = PBXGroup;
			children = (
				8644C0591F15782900DE2B06 /* VIP_svc_userUITests.swift */,
				8644C05B1F15782900DE2B06 /* Info.plist */,
			);
			path = "VIP-svc-userUITests";
			sourceTree = "<group>";
		};
		8644C0861F16C4C000DE2B06 /* VIP-svc-userSlowTests */ = {
			isa = PBXGroup;
			children = (
				8644C0871F16C4C000DE2B06 /* VIP_svc_userSlowTests.swift */,
				8644C0891F16C4C000DE2B06 /* Info.plist */,
			);
			path = "VIP-svc-userSlowTests";
			sourceTree = "<group>";
		};
/* End PBXGroup section */

/* Begin PBXNativeTarget section */
		8644C0351F15782900DE2B06 /* VIP-svc-user */ = {
			isa = PBXNativeTarget;
			buildConfigurationList = 8644C05E1F15782900DE2B06 /* Build configuration list for PBXNativeTarget "VIP-svc-user" */;
			buildPhases = (
				8644C0321F15782900DE2B06 /* Sources */,
				8644C0331F15782900DE2B06 /* Frameworks */,
				8644C0341F15782900DE2B06 /* Resources */,
			);
			buildRules = (
			);
			dependencies = (
			);
			name = "VIP-svc-user";
			productName = "VIP-svc-user";
			productReference = 8644C0361F15782900DE2B06 /* VIP-svc-user.app */;
			productType = "com.apple.product-type.application";
		};
		8644C0491F15782900DE2B06 /* VIP-svc-userTests */ = {
			isa = PBXNativeTarget;
			buildConfigurationList = 8644C0611F15782900DE2B06 /* Build configuration list for PBXNativeTarget "VIP-svc-userTests" */;
			buildPhases = (
				8644C0461F15782900DE2B06 /* Sources */,
				8644C0471F15782900DE2B06 /* Frameworks */,
				8644C0481F15782900DE2B06 /* Resources */,
			);
			buildRules = (
			);
			dependencies = (
				8644C04C1F15782900DE2B06 /* PBXTargetDependency */,
			);
			name = "VIP-svc-userTests";
			productName = "VIP-svc-userTests";
			productReference = 8644C04A1F15782900DE2B06 /* VIP-svc-userTests.xctest */;
			productType = "com.apple.product-type.bundle.unit-test";
		};
		8644C0541F15782900DE2B06 /* VIP-svc-userUITests */ = {
			isa = PBXNativeTarget;
			buildConfigurationList = 8644C0641F15782900DE2B06 /* Build configuration list for PBXNativeTarget "VIP-svc-userUITests" */;
			buildPhases = (
				8644C0511F15782900DE2B06 /* Sources */,
				8644C0521F15782900DE2B06 /* Frameworks */,
				8644C0531F15782900DE2B06 /* Resources */,
			);
			buildRules = (
			);
			dependencies = (
				8644C0571F15782900DE2B06 /* PBXTargetDependency */,
			);
			name = "VIP-svc-userUITests";
			productName = "VIP-svc-userUITests";
			productReference = 8644C0551F15782900DE2B06 /* VIP-svc-userUITests.xctest */;
			productType = "com.apple.product-type.bundle.ui-testing";
		};
		8644C0841F16C4C000DE2B06 /* VIP-svc-userSlowTests */ = {
			isa = PBXNativeTarget;
			buildConfigurationList = 8644C08E1F16C4C000DE2B06 /* Build configuration list for PBXNativeTarget "VIP-svc-userSlowTests" */;
			buildPhases = (
				8644C0811F16C4C000DE2B06 /* Sources */,
				8644C0821F16C4C000DE2B06 /* Frameworks */,
				8644C0831F16C4C000DE2B06 /* Resources */,
			);
			buildRules = (
			);
			dependencies = (
				8644C08B1F16C4C000DE2B06 /* PBXTargetDependency */,
			);
			name = "VIP-svc-userSlowTests";
			productName = "VIP-svc-userSlowTests";
			productReference = 8644C0851F16C4C000DE2B06 /* VIP-svc-userSlowTests.xctest */;
			productType = "com.apple.product-type.bundle.unit-test";
		};
/* End PBXNativeTarget section */

/* Begin PBXProject section */
		8644C02E1F15782900DE2B06 /* Project object */ = {
			isa = PBXProject;
			attributes = {
				LastSwiftUpdateCheck = 0830;
				LastUpgradeCheck = 0830;
				ORGANIZATIONNAME = "Emmet Susslin";
				TargetAttributes = {
					8644C0351F15782900DE2B06 = {
						CreatedOnToolsVersion = 8.3.3;
						DevelopmentTeam = KF8E33TYLJ;
						ProvisioningStyle = Automatic;
					};
					8644C0491F15782900DE2B06 = {
						CreatedOnToolsVersion = 8.3.3;
						DevelopmentTeam = KF8E33TYLJ;
						ProvisioningStyle = Automatic;
						TestTargetID = 8644C0351F15782900DE2B06;
					};
					8644C0541F15782900DE2B06 = {
						CreatedOnToolsVersion = 8.3.3;
						DevelopmentTeam = KF8E33TYLJ;
						ProvisioningStyle = Automatic;
						TestTargetID = 8644C0351F15782900DE2B06;
					};
					8644C0841F16C4C000DE2B06 = {
						CreatedOnToolsVersion = 8.3.3;
						DevelopmentTeam = KF8E33TYLJ;
						ProvisioningStyle = Automatic;
						TestTargetID = 8644C0351F15782900DE2B06;
					};
				};
			};
			buildConfigurationList = 8644C0311F15782900DE2B06 /* Build configuration list for PBXProject "VIP-svc-user" */;
			compatibilityVersion = "Xcode 3.2";
			developmentRegion = English;
			hasScannedForEncodings = 0;
			knownRegions = (
				en,
				Base,
			);
			mainGroup = 8644C02D1F15782900DE2B06;
			productRefGroup = 8644C0371F15782900DE2B06 /* Products */;
			projectDirPath = "";
			projectRoot = "";
			targets = (
				8644C0351F15782900DE2B06 /* VIP-svc-user */,
				8644C0491F15782900DE2B06 /* VIP-svc-userTests */,
				8644C0541F15782900DE2B06 /* VIP-svc-userUITests */,
				8644C0841F16C4C000DE2B06 /* VIP-svc-userSlowTests */,
			);
		};
/* End PBXProject section */

/* Begin PBXResourcesBuildPhase section */
		8644C0341F15782900DE2B06 /* Resources */ = {
			isa = PBXResourcesBuildPhase;
			buildActionMask = 2147483647;
			files = (
				8644C0441F15782900DE2B06 /* LaunchScreen.storyboard in Resources */,
				8644C0411F15782900DE2B06 /* Assets.xcassets in Resources */,
				8644C03F1F15782900DE2B06 /* Main.storyboard in Resources */,
			);
			runOnlyForDeploymentPostprocessing = 0;
		};
		8644C0481F15782900DE2B06 /* Resources */ = {
			isa = PBXResourcesBuildPhase;
			buildActionMask = 2147483647;
			files = (
			);
			runOnlyForDeploymentPostprocessing = 0;
		};
		8644C0531F15782900DE2B06 /* Resources */ = {
			isa = PBXResourcesBuildPhase;
			buildActionMask = 2147483647;
			files = (
			);
			runOnlyForDeploymentPostprocessing = 0;
		};
		8644C0831F16C4C000DE2B06 /* Resources */ = {
			isa = PBXResourcesBuildPhase;
			buildActionMask = 2147483647;
			files = (
			);
			runOnlyForDeploymentPostprocessing = 0;
		};
/* End PBXResourcesBuildPhase section */

/* Begin PBXSourcesBuildPhase section */
		8644C0321F15782900DE2B06 /* Sources */ = {
			isa = PBXSourcesBuildPhase;
			buildActionMask = 2147483647;
			files = (
				8644C06E1F15835100DE2B06 /* userShowVC.swift in Sources */,
				8644C06A1F1579D400DE2B06 /* userCell.swift in Sources */,
				8644C0721F1673C500DE2B06 /* UserModel.swift in Sources */,
				8644C03C1F15782900DE2B06 /* ViewController.swift in Sources */,
				8644C03A1F15782900DE2B06 /* AppDelegate.swift in Sources */,
				8644C0701F16723900DE2B06 /* http.swift in Sources */,
				8644C0681F15799F00DE2B06 /* userTableVC.swift in Sources */,
				8644C06C1F157EB700DE2B06 /* newUserVC.swift in Sources */,
			);
			runOnlyForDeploymentPostprocessing = 0;
		};
		8644C0461F15782900DE2B06 /* Sources */ = {
			isa = PBXSourcesBuildPhase;
			buildActionMask = 2147483647;
			files = (
				8644C04F1F15782900DE2B06 /* VIP_svc_userTests.swift in Sources */,
			);
			runOnlyForDeploymentPostprocessing = 0;
		};
		8644C0511F15782900DE2B06 /* Sources */ = {
			isa = PBXSourcesBuildPhase;
			buildActionMask = 2147483647;
			files = (
				8644C05A1F15782900DE2B06 /* VIP_svc_userUITests.swift in Sources */,
			);
			runOnlyForDeploymentPostprocessing = 0;
		};
		8644C0811F16C4C000DE2B06 /* Sources */ = {
			isa = PBXSourcesBuildPhase;
			buildActionMask = 2147483647;
			files = (
				8644C0881F16C4C000DE2B06 /* VIP_svc_userSlowTests.swift in Sources */,
			);
			runOnlyForDeploymentPostprocessing = 0;
		};
/* End PBXSourcesBuildPhase section */

/* Begin PBXTargetDependency section */
		8644C04C1F15782900DE2B06 /* PBXTargetDependency */ = {
			isa = PBXTargetDependency;
			target = 8644C0351F15782900DE2B06 /* VIP-svc-user */;
			targetProxy = 8644C04B1F15782900DE2B06 /* PBXContainerItemProxy */;
		};
		8644C0571F15782900DE2B06 /* PBXTargetDependency */ = {
			isa = PBXTargetDependency;
			target = 8644C0351F15782900DE2B06 /* VIP-svc-user */;
			targetProxy = 8644C0561F15782900DE2B06 /* PBXContainerItemProxy */;
		};
		8644C08B1F16C4C000DE2B06 /* PBXTargetDependency */ = {
			isa = PBXTargetDependency;
			target = 8644C0351F15782900DE2B06 /* VIP-svc-user */;
			targetProxy = 8644C08A1F16C4C000DE2B06 /* PBXContainerItemProxy */;
		};
/* End PBXTargetDependency section */

/* Begin PBXVariantGroup section */
		8644C03D1F15782900DE2B06 /* Main.storyboard */ = {
			isa = PBXVariantGroup;
			children = (
				8644C03E1F15782900DE2B06 /* Base */,
			);
			name = Main.storyboard;
			sourceTree = "<group>";
		};
		8644C0421F15782900DE2B06 /* LaunchScreen.storyboard */ = {
			isa = PBXVariantGroup;
			children = (
				8644C0431F15782900DE2B06 /* Base */,
			);
			name = LaunchScreen.storyboard;
			sourceTree = "<group>";
		};
/* End PBXVariantGroup section */

/* Begin XCBuildConfiguration section */
		8644C05C1F15782900DE2B06 /* Debug */ = {
			isa = XCBuildConfiguration;
			buildSettings = {
				ALWAYS_SEARCH_USER_PATHS = NO;
				CLANG_ANALYZER_NONNULL = YES;
				CLANG_ANALYZER_NUMBER_OBJECT_CONVERSION = YES_AGGRESSIVE;
				CLANG_CXX_LANGUAGE_STANDARD = "gnu++0x";
				CLANG_CXX_LIBRARY = "libc++";
				CLANG_ENABLE_MODULES = YES;
				CLANG_ENABLE_OBJC_ARC = YES;
				CLANG_WARN_BOOL_CONVERSION = YES;
				CLANG_WARN_CONSTANT_CONVERSION = YES;
				CLANG_WARN_DIRECT_OBJC_ISA_USAGE = YES_ERROR;
				CLANG_WARN_DOCUMENTATION_COMMENTS = YES;
				CLANG_WARN_EMPTY_BODY = YES;
				CLANG_WARN_ENUM_CONVERSION = YES;
				CLANG_WARN_INFINITE_RECURSION = YES;
				CLANG_WARN_INT_CONVERSION = YES;
				CLANG_WARN_OBJC_ROOT_CLASS = YES_ERROR;
				CLANG_WARN_SUSPICIOUS_MOVE = YES;
				CLANG_WARN_UNREACHABLE_CODE = YES;
				CLANG_WARN__DUPLICATE_METHOD_MATCH = YES;
				"CODE_SIGN_IDENTITY[sdk=iphoneos*]" = "iPhone Developer";
				COPY_PHASE_STRIP = NO;
				DEBUG_INFORMATION_FORMAT = dwarf;
				ENABLE_STRICT_OBJC_MSGSEND = YES;
				ENABLE_TESTABILITY = YES;
				GCC_C_LANGUAGE_STANDARD = gnu99;
				GCC_DYNAMIC_NO_PIC = NO;
				GCC_NO_COMMON_BLOCKS = YES;
				GCC_OPTIMIZATION_LEVEL = 0;
				GCC_PREPROCESSOR_DEFINITIONS = (
					"DEBUG=1",
					"$(inherited)",
				);
				GCC_WARN_64_TO_32_BIT_CONVERSION = YES;
				GCC_WARN_ABOUT_RETURN_TYPE = YES_ERROR;
				GCC_WARN_UNDECLARED_SELECTOR = YES;
				GCC_WARN_UNINITIALIZED_AUTOS = YES_AGGRESSIVE;
				GCC_WARN_UNUSED_FUNCTION = YES;
				GCC_WARN_UNUSED_VARIABLE = YES;
				IPHONEOS_DEPLOYMENT_TARGET = 10.3;
				MTL_ENABLE_DEBUG_INFO = YES;
				ONLY_ACTIVE_ARCH = YES;
				SDKROOT = iphoneos;
				SWIFT_ACTIVE_COMPILATION_CONDITIONS = DEBUG;
				SWIFT_OPTIMIZATION_LEVEL = "-Onone";
				TARGETED_DEVICE_FAMILY = "1,2";
			};
			name = Debug;
		};
		8644C05D1F15782900DE2B06 /* Release */ = {
			isa = XCBuildConfiguration;
			buildSettings = {
				ALWAYS_SEARCH_USER_PATHS = NO;
				CLANG_ANALYZER_NONNULL = YES;
				CLANG_ANALYZER_NUMBER_OBJECT_CONVERSION = YES_AGGRESSIVE;
				CLANG_CXX_LANGUAGE_STANDARD = "gnu++0x";
				CLANG_CXX_LIBRARY = "libc++";
				CLANG_ENABLE_MODULES = YES;
				CLANG_ENABLE_OBJC_ARC = YES;
				CLANG_WARN_BOOL_CONVERSION = YES;
				CLANG_WARN_CONSTANT_CONVERSION = YES;
				CLANG_WARN_DIRECT_OBJC_ISA_USAGE = YES_ERROR;
				CLANG_WARN_DOCUMENTATION_COMMENTS = YES;
				CLANG_WARN_EMPTY_BODY = YES;
				CLANG_WARN_ENUM_CONVERSION = YES;
				CLANG_WARN_INFINITE_RECURSION = YES;
				CLANG_WARN_INT_CONVERSION = YES;
				CLANG_WARN_OBJC_ROOT_CLASS = YES_ERROR;
				CLANG_WARN_SUSPICIOUS_MOVE = YES;
				CLANG_WARN_UNREACHABLE_CODE = YES;
				CLANG_WARN__DUPLICATE_METHOD_MATCH = YES;
				"CODE_SIGN_IDENTITY[sdk=iphoneos*]" = "iPhone Developer";
				COPY_PHASE_STRIP = NO;
				DEBUG_INFORMATION_FORMAT = "dwarf-with-dsym";
				ENABLE_NS_ASSERTIONS = NO;
				ENABLE_STRICT_OBJC_MSGSEND = YES;
				GCC_C_LANGUAGE_STANDARD = gnu99;
				GCC_NO_COMMON_BLOCKS = YES;
				GCC_WARN_64_TO_32_BIT_CONVERSION = YES;
				GCC_WARN_ABOUT_RETURN_TYPE = YES_ERROR;
				GCC_WARN_UNDECLARED_SELECTOR = YES;
				GCC_WARN_UNINITIALIZED_AUTOS = YES_AGGRESSIVE;
				GCC_WARN_UNUSED_FUNCTION = YES;
				GCC_WARN_UNUSED_VARIABLE = YES;
				IPHONEOS_DEPLOYMENT_TARGET = 10.3;
				MTL_ENABLE_DEBUG_INFO = NO;
				SDKROOT = iphoneos;
				SWIFT_OPTIMIZATION_LEVEL = "-Owholemodule";
				TARGETED_DEVICE_FAMILY = "1,2";
				VALIDATE_PRODUCT = YES;
			};
			name = Release;
		};
		8644C05F1F15782900DE2B06 /* Debug */ = {
			isa = XCBuildConfiguration;
			buildSettings = {
				ASSETCATALOG_COMPILER_APPICON_NAME = AppIcon;
				DEVELOPMENT_TEAM = KF8E33TYLJ;
				INFOPLIST_FILE = "VIP-svc-user/Info.plist";
				LD_RUNPATH_SEARCH_PATHS = "$(inherited) @executable_path/Frameworks";
				PRODUCT_BUNDLE_IDENTIFIER = "esusslin.VIP-svc-user";
				PRODUCT_NAME = "$(TARGET_NAME)";
				SWIFT_VERSION = 3.0;
			};
			name = Debug;
		};
		8644C0601F15782900DE2B06 /* Release */ = {
			isa = XCBuildConfiguration;
			buildSettings = {
				ASSETCATALOG_COMPILER_APPICON_NAME = AppIcon;
				DEVELOPMENT_TEAM = KF8E33TYLJ;
				INFOPLIST_FILE = "VIP-svc-user/Info.plist";
				LD_RUNPATH_SEARCH_PATHS = "$(inherited) @executable_path/Frameworks";
				PRODUCT_BUNDLE_IDENTIFIER = "esusslin.VIP-svc-user";
				PRODUCT_NAME = "$(TARGET_NAME)";
				SWIFT_VERSION = 3.0;
			};
			name = Release;
		};
		8644C0621F15782900DE2B06 /* Debug */ = {
			isa = XCBuildConfiguration;
			buildSettings = {
				ALWAYS_EMBED_SWIFT_STANDARD_LIBRARIES = YES;
				BUNDLE_LOADER = "$(TEST_HOST)";
				DEVELOPMENT_TEAM = KF8E33TYLJ;
				INFOPLIST_FILE = "VIP-svc-userTests/Info.plist";
				LD_RUNPATH_SEARCH_PATHS = "$(inherited) @executable_path/Frameworks @loader_path/Frameworks";
				PRODUCT_BUNDLE_IDENTIFIER = "esusslin.VIP-svc-userTests";
				PRODUCT_NAME = "$(TARGET_NAME)";
				SWIFT_VERSION = 3.0;
				TEST_HOST = "$(BUILT_PRODUCTS_DIR)/VIP-svc-user.app/VIP-svc-user";
			};
			name = Debug;
		};
		8644C0631F15782900DE2B06 /* Release */ = {
			isa = XCBuildConfiguration;
			buildSettings = {
				ALWAYS_EMBED_SWIFT_STANDARD_LIBRARIES = YES;
				BUNDLE_LOADER = "$(TEST_HOST)";
				DEVELOPMENT_TEAM = KF8E33TYLJ;
				INFOPLIST_FILE = "VIP-svc-userTests/Info.plist";
				LD_RUNPATH_SEARCH_PATHS = "$(inherited) @executable_path/Frameworks @loader_path/Frameworks";
				PRODUCT_BUNDLE_IDENTIFIER = "esusslin.VIP-svc-userTests";
				PRODUCT_NAME = "$(TARGET_NAME)";
				SWIFT_VERSION = 3.0;
				TEST_HOST = "$(BUILT_PRODUCTS_DIR)/VIP-svc-user.app/VIP-svc-user";
			};
			name = Release;
		};
		8644C0651F15782900DE2B06 /* Debug */ = {
			isa = XCBuildConfiguration;
			buildSettings = {
				ALWAYS_EMBED_SWIFT_STANDARD_LIBRARIES = YES;
				DEVELOPMENT_TEAM = KF8E33TYLJ;
				INFOPLIST_FILE = "VIP-svc-userUITests/Info.plist";
				LD_RUNPATH_SEARCH_PATHS = "$(inherited) @executable_path/Frameworks @loader_path/Frameworks";
				PRODUCT_BUNDLE_IDENTIFIER = "esusslin.VIP-svc-userUITests";
				PRODUCT_NAME = "$(TARGET_NAME)";
				SWIFT_VERSION = 3.0;
				TEST_TARGET_NAME = "VIP-svc-user";
			};
			name = Debug;
		};
		8644C0661F15782900DE2B06 /* Release */ = {
			isa = XCBuildConfiguration;
			buildSettings = {
				ALWAYS_EMBED_SWIFT_STANDARD_LIBRARIES = YES;
				DEVELOPMENT_TEAM = KF8E33TYLJ;
				INFOPLIST_FILE = "VIP-svc-userUITests/Info.plist";
				LD_RUNPATH_SEARCH_PATHS = "$(inherited) @executable_path/Frameworks @loader_path/Frameworks";
				PRODUCT_BUNDLE_IDENTIFIER = "esusslin.VIP-svc-userUITests";
				PRODUCT_NAME = "$(TARGET_NAME)";
				SWIFT_VERSION = 3.0;
				TEST_TARGET_NAME = "VIP-svc-user";
			};
			name = Release;
		};
		8644C08C1F16C4C000DE2B06 /* Debug */ = {
			isa = XCBuildConfiguration;
			buildSettings = {
				BUNDLE_LOADER = "$(TEST_HOST)";
				DEVELOPMENT_TEAM = KF8E33TYLJ;
				INFOPLIST_FILE = "VIP-svc-userSlowTests/Info.plist";
				LD_RUNPATH_SEARCH_PATHS = "$(inherited) @executable_path/Frameworks @loader_path/Frameworks";
				PRODUCT_BUNDLE_IDENTIFIER = "esusslin.VIP-svc-userSlowTests";
				PRODUCT_NAME = "$(TARGET_NAME)";
				SWIFT_VERSION = 3.0;
				TEST_HOST = "$(BUILT_PRODUCTS_DIR)/VIP-svc-user.app/VIP-svc-user";
			};
			name = Debug;
		};
		8644C08D1F16C4C000DE2B06 /* Release */ = {
			isa = XCBuildConfiguration;
			buildSettings = {
				BUNDLE_LOADER = "$(TEST_HOST)";
				DEVELOPMENT_TEAM = KF8E33TYLJ;
				INFOPLIST_FILE = "VIP-svc-userSlowTests/Info.plist";
				LD_RUNPATH_SEARCH_PATHS = "$(inherited) @executable_path/Frameworks @loader_path/Frameworks";
				PRODUCT_BUNDLE_IDENTIFIER = "esusslin.VIP-svc-userSlowTests";
				PRODUCT_NAME = "$(TARGET_NAME)";
				SWIFT_VERSION = 3.0;
				TEST_HOST = "$(BUILT_PRODUCTS_DIR)/VIP-svc-user.app/VIP-svc-user";
			};
			name = Release;
		};
/* End XCBuildConfiguration section */

/* Begin XCConfigurationList section */
		8644C0311F15782900DE2B06 /* Build configuration list for PBXProject "VIP-svc-user" */ = {
			isa = XCConfigurationList;
			buildConfigurations = (
				8644C05C1F15782900DE2B06 /* Debug */,
				8644C05D1F15782900DE2B06 /* Release */,
			);
			defaultConfigurationIsVisible = 0;
			defaultConfigurationName = Release;
		};
		8644C05E1F15782900DE2B06 /* Build configuration list for PBXNativeTarget "VIP-svc-user" */ = {
			isa = XCConfigurationList;
			buildConfigurations = (
				8644C05F1F15782900DE2B06 /* Debug */,
				8644C0601F15782900DE2B06 /* Release */,
			);
			defaultConfigurationIsVisible = 0;
			defaultConfigurationName = Release;
		};
		8644C0611F15782900DE2B06 /* Build configuration list for PBXNativeTarget "VIP-svc-userTests" */ = {
			isa = XCConfigurationList;
			buildConfigurations = (
				8644C0621F15782900DE2B06 /* Debug */,
				8644C0631F15782900DE2B06 /* Release */,
			);
			defaultConfigurationIsVisible = 0;
			defaultConfigurationName = Release;
		};
		8644C0641F15782900DE2B06 /* Build configuration list for PBXNativeTarget "VIP-svc-userUITests" */ = {
			isa = XCConfigurationList;
			buildConfigurations = (
				8644C0651F15782900DE2B06 /* Debug */,
				8644C0661F15782900DE2B06 /* Release */,
			);
			defaultConfigurationIsVisible = 0;
			defaultConfigurationName = Release;
		};
		8644C08E1F16C4C000DE2B06 /* Build configuration list for PBXNativeTarget "VIP-svc-userSlowTests" */ = {
			isa = XCConfigurationList;
			buildConfigurations = (
				8644C08C1F16C4C000DE2B06 /* Debug */,
				8644C08D1F16C4C000DE2B06 /* Release */,
			);
			defaultConfigurationIsVisible = 0;
		};
/* End XCConfigurationList section */
	};
	rootObject = 8644C02E1F15782900DE2B06 /* Project object */;
}
